
Microsoft Visual Studio Solution File, Format Version 12.00
# Visual Studio Version 16
VisualStudioVersion = 16.0.29215.179
MinimumVisualStudioVersion = 10.0.40219.1
Project("{FAE04EC0-301F-11D3-BF4B-00C04F79EFBC}") = "ArduinoKeyboard", "ArduinoKeyboard.csproj", "{0A575FAD-24BD-46C4-BF82-87163D77AECF}"
EndProject
Global
	GlobalSection(SolutionConfigurationPlatforms) = preSolution
		Debug|Any CPU = Debug|Any CPU
		Release|Any CPU = Release|Any CPU
	EndGlobalSection
	GlobalSection(ProjectConfigurationPlatforms) = postSolution
		{0A575FAD-24BD-46C4-BF82-87163D77AECF}.Debug|Any CPU.ActiveCfg = Debug|Any CPU
		{0A575FAD-24BD-46C4-BF82-87163D77AECF}.Debug|Any CPU.Build.0 = Debug|Any CPU
		{0A575FAD-24BD-46C4-BF82-87163D77AECF}.Release|Any CPU.ActiveCfg = Release|Any CPU
		{0A575FAD-24BD-46C4-BF82-87163D77AECF}.Release|Any CPU.Build.0 = Release|Any CPU
	EndGlobalSection
	GlobalSection(SolutionProperties) = preSolution
		HideSolutionNode = FALSE
	EndGlobalSection
	GlobalSection(ExtensibilityGlobals) = postSolution
		SolutionGuid = {5E08631F-1C45-478D-89EA-816805198DB1}
	EndGlobalSection
EndGlobal
